// !$*UTF8*$!
{
	archiveVersion = 1;
	classes = {
	};
	objectVersion = 51;
	objects = {

/* Begin PBXBuildFile section */
		25E30B312A1822EC76FE8EF2 /* Pods_loodos.framework in Frameworks */ = {isa = PBXBuildFile; fileRef = 065E3484ED58A46CA812DAE8 /* Pods_loodos.framework */; };
		28CAEA5C1C2B0DD69BB49E0B /* Pods_loodos_loodosUITests.framework in Frameworks */ = {isa = PBXBuildFile; fileRef = C4579EB75E8091EDD642386B /* Pods_loodos_loodosUITests.framework */; };
		AF8D69F524ED213700740263 /* AppDelegate.swift in Sources */ = {isa = PBXBuildFile; fileRef = AF8D69F424ED213700740263 /* AppDelegate.swift */; };
		AF8D69F724ED213700740263 /* SceneDelegate.swift in Sources */ = {isa = PBXBuildFile; fileRef = AF8D69F624ED213700740263 /* SceneDelegate.swift */; };
		AF8D69F924ED213700740263 /* ViewController.swift in Sources */ = {isa = PBXBuildFile; fileRef = AF8D69F824ED213700740263 /* ViewController.swift */; };
		AF8D69FC24ED213700740263 /* Main.storyboard in Resources */ = {isa = PBXBuildFile; fileRef = AF8D69FA24ED213700740263 /* Main.storyboard */; };
		AF8D69FE24ED213F00740263 /* Assets.xcassets in Resources */ = {isa = PBXBuildFile; fileRef = AF8D69FD24ED213F00740263 /* Assets.xcassets */; };
		AF8D6A0124ED213F00740263 /* LaunchScreen.storyboard in Resources */ = {isa = PBXBuildFile; fileRef = AF8D69FF24ED213F00740263 /* LaunchScreen.storyboard */; };
		AF8D6A0C24ED214000740263 /* loodosTests.swift in Sources */ = {isa = PBXBuildFile; fileRef = AF8D6A0B24ED214000740263 /* loodosTests.swift */; };
		AF8D6A1724ED214000740263 /* loodosUITests.swift in Sources */ = {isa = PBXBuildFile; fileRef = AF8D6A1624ED214000740263 /* loodosUITests.swift */; };
		AF8D6A2524ED22E800740263 /* GoogleService-Info.plist in Resources */ = {isa = PBXBuildFile; fileRef = AF8D6A2424ED22E800740263 /* GoogleService-Info.plist */; };
		AF8D6A2824ED257C00740263 /* SplashScreenVC.swift in Sources */ = {isa = PBXBuildFile; fileRef = AF8D6A2724ED257C00740263 /* SplashScreenVC.swift */; };
		AF8D6A3A24ED358B00740263 /* HomeVC.swift in Sources */ = {isa = PBXBuildFile; fileRef = AF8D6A3924ED358B00740263 /* HomeVC.swift */; };
		AF8D6A3C24ED36EA00740263 /* HomeVM.swift in Sources */ = {isa = PBXBuildFile; fileRef = AF8D6A3B24ED36EA00740263 /* HomeVM.swift */; };
		AF8D6A4224ED402600740263 /* HomeTopViewCell.swift in Sources */ = {isa = PBXBuildFile; fileRef = AF8D6A4024ED402600740263 /* HomeTopViewCell.swift */; };
		AF8D6A4324ED402600740263 /* HomeTopViewCell.xib in Resources */ = {isa = PBXBuildFile; fileRef = AF8D6A4124ED402600740263 /* HomeTopViewCell.xib */; };
		AF8D6A4824ED44C100740263 /* MovieCardCell.swift in Sources */ = {isa = PBXBuildFile; fileRef = AF8D6A4624ED44C100740263 /* MovieCardCell.swift */; };
		AF8D6A4924ED44C100740263 /* MovieCardCell.xib in Resources */ = {isa = PBXBuildFile; fileRef = AF8D6A4724ED44C100740263 /* MovieCardCell.xib */; };
		AF8D6A4D24ED457C00740263 /* MovieBigCardCVCell.swift in Sources */ = {isa = PBXBuildFile; fileRef = AF8D6A4B24ED457C00740263 /* MovieBigCardCVCell.swift */; };
		AF8D6A4E24ED457C00740263 /* MovieBigCardCVCell.xib in Resources */ = {isa = PBXBuildFile; fileRef = AF8D6A4C24ED457C00740263 /* MovieBigCardCVCell.xib */; };
		AF8D6A5624EDA59400740263 /* MovieCardSmallCVCell.swift in Sources */ = {isa = PBXBuildFile; fileRef = AF8D6A5424EDA59400740263 /* MovieCardSmallCVCell.swift */; };
		AF8D6A5724EDA59400740263 /* MovieCardSmallCVCell.xib in Resources */ = {isa = PBXBuildFile; fileRef = AF8D6A5524EDA59400740263 /* MovieCardSmallCVCell.xib */; };
		AF8D6A5A24EDAC3800740263 /* SearchVC.swift in Sources */ = {isa = PBXBuildFile; fileRef = AF8D6A5924EDAC3800740263 /* SearchVC.swift */; };
		AF8D6A5C24EDB02100740263 /* SearchVM.swift in Sources */ = {isa = PBXBuildFile; fileRef = AF8D6A5B24EDB02100740263 /* SearchVM.swift */; };
		AF8D6A5F24EDC51600740263 /* ApiClient.swift in Sources */ = {isa = PBXBuildFile; fileRef = AF8D6A5E24EDC51500740263 /* ApiClient.swift */; };
		AF8D6A6324EDC62D00740263 /* MovieData.swift in Sources */ = {isa = PBXBuildFile; fileRef = AF8D6A6124EDC62C00740263 /* MovieData.swift */; };
		AF8D6A6424EDC62D00740263 /* Ratings.swift in Sources */ = {isa = PBXBuildFile; fileRef = AF8D6A6224EDC62D00740263 /* Ratings.swift */; };
		AFA7B13B24EFE52F00606788 /* Constants.swift in Sources */ = {isa = PBXBuildFile; fileRef = AFA7B13024EFE52F00606788 /* Constants.swift */; };
		AFA7B13C24EFE52F00606788 /* Enums.swift in Sources */ = {isa = PBXBuildFile; fileRef = AFA7B13124EFE52F00606788 /* Enums.swift */; };
		AFA7B13D24EFE52F00606788 /* WorkItem.swift in Sources */ = {isa = PBXBuildFile; fileRef = AFA7B13224EFE52F00606788 /* WorkItem.swift */; };
		AFA7B13E24EFE52F00606788 /* Extensions.swift in Sources */ = {isa = PBXBuildFile; fileRef = AFA7B13324EFE52F00606788 /* Extensions.swift */; };
		AFA7B13F24EFE52F00606788 /* AlertView.xib in Resources */ = {isa = PBXBuildFile; fileRef = AFA7B13624EFE52F00606788 /* AlertView.xib */; };
		AFA7B14024EFE52F00606788 /* AlertView.swift in Sources */ = {isa = PBXBuildFile; fileRef = AFA7B13724EFE52F00606788 /* AlertView.swift */; };
		AFA7B14124EFE52F00606788 /* InternetConnectionManager.swift in Sources */ = {isa = PBXBuildFile; fileRef = AFA7B13824EFE52F00606788 /* InternetConnectionManager.swift */; };
		AFA7B14224EFE52F00606788 /* Protocols.swift in Sources */ = {isa = PBXBuildFile; fileRef = AFA7B13924EFE52F00606788 /* Protocols.swift */; };
		AFA7B14324EFE52F00606788 /* Utils.swift in Sources */ = {isa = PBXBuildFile; fileRef = AFA7B13A24EFE52F00606788 /* Utils.swift */; };
		AFD5C72B24EE7B2B00571C2F /* DetailVC.swift in Sources */ = {isa = PBXBuildFile; fileRef = AFD5C72A24EE7B2B00571C2F /* DetailVC.swift */; };
		AFD5C72D24EE7B3700571C2F /* DetailVM.swift in Sources */ = {isa = PBXBuildFile; fileRef = AFD5C72C24EE7B3700571C2F /* DetailVM.swift */; };
		AFD5C73224EE7B7900571C2F /* TopImageViewCell.swift in Sources */ = {isa = PBXBuildFile; fileRef = AFD5C73024EE7B7900571C2F /* TopImageViewCell.swift */; };
		AFD5C73324EE7B7900571C2F /* TopImageViewCell.xib in Resources */ = {isa = PBXBuildFile; fileRef = AFD5C73124EE7B7900571C2F /* TopImageViewCell.xib */; };
		AFD5C73724EE7F1400571C2F /* RatingCell.swift in Sources */ = {isa = PBXBuildFile; fileRef = AFD5C73524EE7F1400571C2F /* RatingCell.swift */; };
		AFD5C73824EE7F1400571C2F /* RatingCell.xib in Resources */ = {isa = PBXBuildFile; fileRef = AFD5C73624EE7F1400571C2F /* RatingCell.xib */; };
		AFD5C73C24EE875800571C2F /* DetailContentCell.swift in Sources */ = {isa = PBXBuildFile; fileRef = AFD5C73A24EE875800571C2F /* DetailContentCell.swift */; };
		AFD5C73D24EE875800571C2F /* DetailContentCell.xib in Resources */ = {isa = PBXBuildFile; fileRef = AFD5C73B24EE875800571C2F /* DetailContentCell.xib */; };
		AFD5C74024EEAD3300571C2F /* Search.swift in Sources */ = {isa = PBXBuildFile; fileRef = AFD5C73E24EEAD3200571C2F /* Search.swift */; };
		AFD5C74124EEAD3300571C2F /* SearchData.swift in Sources */ = {isa = PBXBuildFile; fileRef = AFD5C73F24EEAD3300571C2F /* SearchData.swift */; };
		F20B5E991C142620CD39571C /* Pods_loodosTests.framework in Frameworks */ = {isa = PBXBuildFile; fileRef = 38A889708A23F1FEB3009B6E /* Pods_loodosTests.framework */; };
/* End PBXBuildFile section */

/* Begin PBXContainerItemProxy section */
		AF8D6A0824ED213F00740263 /* PBXContainerItemProxy */ = {
			isa = PBXContainerItemProxy;
			containerPortal = AF8D69E924ED213700740263 /* Project object */;
			proxyType = 1;
			remoteGlobalIDString = AF8D69F024ED213700740263;
			remoteInfo = loodos;
		};
		AF8D6A1324ED214000740263 /* PBXContainerItemProxy */ = {
			isa = PBXContainerItemProxy;
			containerPortal = AF8D69E924ED213700740263 /* Project object */;
			proxyType = 1;
			remoteGlobalIDString = AF8D69F024ED213700740263;
			remoteInfo = loodos;
		};
/* End PBXContainerItemProxy section */

/* Begin PBXFileReference section */
		065E3484ED58A46CA812DAE8 /* Pods_loodos.framework */ = {isa = PBXFileReference; explicitFileType = wrapper.framework; includeInIndex = 0; path = Pods_loodos.framework; sourceTree = BUILT_PRODUCTS_DIR; };
		38A889708A23F1FEB3009B6E /* Pods_loodosTests.framework */ = {isa = PBXFileReference; explicitFileType = wrapper.framework; includeInIndex = 0; path = Pods_loodosTests.framework; sourceTree = BUILT_PRODUCTS_DIR; };
		422CB27CECC558BF920EAEE8 /* Pods-loodosTests.debug.xcconfig */ = {isa = PBXFileReference; includeInIndex = 1; lastKnownFileType = text.xcconfig; name = "Pods-loodosTests.debug.xcconfig"; path = "Target Support Files/Pods-loodosTests/Pods-loodosTests.debug.xcconfig"; sourceTree = "<group>"; };
		9087350018465A4218C236CF /* Pods-loodos.debug.xcconfig */ = {isa = PBXFileReference; includeInIndex = 1; lastKnownFileType = text.xcconfig; name = "Pods-loodos.debug.xcconfig"; path = "Target Support Files/Pods-loodos/Pods-loodos.debug.xcconfig"; sourceTree = "<group>"; };
		96E9FEF970595DDE79CC8F98 /* Pods-loodosTests.release.xcconfig */ = {isa = PBXFileReference; includeInIndex = 1; lastKnownFileType = text.xcconfig; name = "Pods-loodosTests.release.xcconfig"; path = "Target Support Files/Pods-loodosTests/Pods-loodosTests.release.xcconfig"; sourceTree = "<group>"; };
		AF8D69F124ED213700740263 /* loodos.app */ = {isa = PBXFileReference; explicitFileType = wrapper.application; includeInIndex = 0; path = loodos.app; sourceTree = BUILT_PRODUCTS_DIR; };
		AF8D69F424ED213700740263 /* AppDelegate.swift */ = {isa = PBXFileReference; lastKnownFileType = sourcecode.swift; path = AppDelegate.swift; sourceTree = "<group>"; };
		AF8D69F624ED213700740263 /* SceneDelegate.swift */ = {isa = PBXFileReference; lastKnownFileType = sourcecode.swift; path = SceneDelegate.swift; sourceTree = "<group>"; };
		AF8D69F824ED213700740263 /* ViewController.swift */ = {isa = PBXFileReference; lastKnownFileType = sourcecode.swift; path = ViewController.swift; sourceTree = "<group>"; };
		AF8D69FB24ED213700740263 /* Base */ = {isa = PBXFileReference; lastKnownFileType = file.storyboard; name = Base; path = Base.lproj/Main.storyboard; sourceTree = "<group>"; };
		AF8D69FD24ED213F00740263 /* Assets.xcassets */ = {isa = PBXFileReference; lastKnownFileType = folder.assetcatalog; path = Assets.xcassets; sourceTree = "<group>"; };
		AF8D6A0024ED213F00740263 /* Base */ = {isa = PBXFileReference; lastKnownFileType = file.storyboard; name = Base; path = Base.lproj/LaunchScreen.storyboard; sourceTree = "<group>"; };
		AF8D6A0224ED213F00740263 /* Info.plist */ = {isa = PBXFileReference; lastKnownFileType = text.plist.xml; path = Info.plist; sourceTree = "<group>"; };
		AF8D6A0724ED213F00740263 /* loodosTests.xctest */ = {isa = PBXFileReference; explicitFileType = wrapper.cfbundle; includeInIndex = 0; path = loodosTests.xctest; sourceTree = BUILT_PRODUCTS_DIR; };
		AF8D6A0B24ED214000740263 /* loodosTests.swift */ = {isa = PBXFileReference; lastKnownFileType = sourcecode.swift; path = loodosTests.swift; sourceTree = "<group>"; };
		AF8D6A0D24ED214000740263 /* Info.plist */ = {isa = PBXFileReference; lastKnownFileType = text.plist.xml; path = Info.plist; sourceTree = "<group>"; };
		AF8D6A1224ED214000740263 /* loodosUITests.xctest */ = {isa = PBXFileReference; explicitFileType = wrapper.cfbundle; includeInIndex = 0; path = loodosUITests.xctest; sourceTree = BUILT_PRODUCTS_DIR; };
		AF8D6A1624ED214000740263 /* loodosUITests.swift */ = {isa = PBXFileReference; lastKnownFileType = sourcecode.swift; path = loodosUITests.swift; sourceTree = "<group>"; };
		AF8D6A1824ED214000740263 /* Info.plist */ = {isa = PBXFileReference; lastKnownFileType = text.plist.xml; path = Info.plist; sourceTree = "<group>"; };
		AF8D6A2424ED22E800740263 /* GoogleService-Info.plist */ = {isa = PBXFileReference; fileEncoding = 4; lastKnownFileType = text.plist.xml; path = "GoogleService-Info.plist"; sourceTree = "<group>"; };
		AF8D6A2724ED257C00740263 /* SplashScreenVC.swift */ = {isa = PBXFileReference; lastKnownFileType = sourcecode.swift; path = SplashScreenVC.swift; sourceTree = "<group>"; };
		AF8D6A3924ED358B00740263 /* HomeVC.swift */ = {isa = PBXFileReference; lastKnownFileType = sourcecode.swift; path = HomeVC.swift; sourceTree = "<group>"; };
		AF8D6A3B24ED36EA00740263 /* HomeVM.swift */ = {isa = PBXFileReference; lastKnownFileType = sourcecode.swift; path = HomeVM.swift; sourceTree = "<group>"; };
		AF8D6A4024ED402600740263 /* HomeTopViewCell.swift */ = {isa = PBXFileReference; lastKnownFileType = sourcecode.swift; path = HomeTopViewCell.swift; sourceTree = "<group>"; };
		AF8D6A4124ED402600740263 /* HomeTopViewCell.xib */ = {isa = PBXFileReference; lastKnownFileType = file.xib; path = HomeTopViewCell.xib; sourceTree = "<group>"; };
		AF8D6A4624ED44C100740263 /* MovieCardCell.swift */ = {isa = PBXFileReference; lastKnownFileType = sourcecode.swift; path = MovieCardCell.swift; sourceTree = "<group>"; };
		AF8D6A4724ED44C100740263 /* MovieCardCell.xib */ = {isa = PBXFileReference; lastKnownFileType = file.xib; path = MovieCardCell.xib; sourceTree = "<group>"; };
		AF8D6A4B24ED457C00740263 /* MovieBigCardCVCell.swift */ = {isa = PBXFileReference; lastKnownFileType = sourcecode.swift; path = MovieBigCardCVCell.swift; sourceTree = "<group>"; };
		AF8D6A4C24ED457C00740263 /* MovieBigCardCVCell.xib */ = {isa = PBXFileReference; lastKnownFileType = file.xib; path = MovieBigCardCVCell.xib; sourceTree = "<group>"; };
		AF8D6A5424EDA59400740263 /* MovieCardSmallCVCell.swift */ = {isa = PBXFileReference; lastKnownFileType = sourcecode.swift; path = MovieCardSmallCVCell.swift; sourceTree = "<group>"; };
		AF8D6A5524EDA59400740263 /* MovieCardSmallCVCell.xib */ = {isa = PBXFileReference; lastKnownFileType = file.xib; path = MovieCardSmallCVCell.xib; sourceTree = "<group>"; };
		AF8D6A5924EDAC3800740263 /* SearchVC.swift */ = {isa = PBXFileReference; lastKnownFileType = sourcecode.swift; path = SearchVC.swift; sourceTree = "<group>"; };
		AF8D6A5B24EDB02100740263 /* SearchVM.swift */ = {isa = PBXFileReference; lastKnownFileType = sourcecode.swift; path = SearchVM.swift; sourceTree = "<group>"; };
		AF8D6A5E24EDC51500740263 /* ApiClient.swift */ = {isa = PBXFileReference; fileEncoding = 4; lastKnownFileType = sourcecode.swift; path = ApiClient.swift; sourceTree = "<group>"; };
		AF8D6A6124EDC62C00740263 /* MovieData.swift */ = {isa = PBXFileReference; fileEncoding = 4; lastKnownFileType = sourcecode.swift; path = MovieData.swift; sourceTree = "<group>"; };
		AF8D6A6224EDC62D00740263 /* Ratings.swift */ = {isa = PBXFileReference; fileEncoding = 4; lastKnownFileType = sourcecode.swift; path = Ratings.swift; sourceTree = "<group>"; };
		AFA7B13024EFE52F00606788 /* Constants.swift */ = {isa = PBXFileReference; fileEncoding = 4; lastKnownFileType = sourcecode.swift; path = Constants.swift; sourceTree = "<group>"; };
		AFA7B13124EFE52F00606788 /* Enums.swift */ = {isa = PBXFileReference; fileEncoding = 4; lastKnownFileType = sourcecode.swift; path = Enums.swift; sourceTree = "<group>"; };
		AFA7B13224EFE52F00606788 /* WorkItem.swift */ = {isa = PBXFileReference; fileEncoding = 4; lastKnownFileType = sourcecode.swift; path = WorkItem.swift; sourceTree = "<group>"; };
		AFA7B13324EFE52F00606788 /* Extensions.swift */ = {isa = PBXFileReference; fileEncoding = 4; lastKnownFileType = sourcecode.swift; path = Extensions.swift; sourceTree = "<group>"; };
		AFA7B13624EFE52F00606788 /* AlertView.xib */ = {isa = PBXFileReference; fileEncoding = 4; lastKnownFileType = file.xib; path = AlertView.xib; sourceTree = "<group>"; };
		AFA7B13724EFE52F00606788 /* AlertView.swift */ = {isa = PBXFileReference; fileEncoding = 4; lastKnownFileType = sourcecode.swift; path = AlertView.swift; sourceTree = "<group>"; };
		AFA7B13824EFE52F00606788 /* InternetConnectionManager.swift */ = {isa = PBXFileReference; fileEncoding = 4; lastKnownFileType = sourcecode.swift; path = InternetConnectionManager.swift; sourceTree = "<group>"; };
		AFA7B13924EFE52F00606788 /* Protocols.swift */ = {isa = PBXFileReference; fileEncoding = 4; lastKnownFileType = sourcecode.swift; path = Protocols.swift; sourceTree = "<group>"; };
		AFA7B13A24EFE52F00606788 /* Utils.swift */ = {isa = PBXFileReference; fileEncoding = 4; lastKnownFileType = sourcecode.swift; path = Utils.swift; sourceTree = "<group>"; };
		AFD5C72A24EE7B2B00571C2F /* DetailVC.swift */ = {isa = PBXFileReference; lastKnownFileType = sourcecode.swift; path = DetailVC.swift; sourceTree = "<group>"; };
		AFD5C72C24EE7B3700571C2F /* DetailVM.swift */ = {isa = PBXFileReference; lastKnownFileType = sourcecode.swift; path = DetailVM.swift; sourceTree = "<group>"; };
		AFD5C73024EE7B7900571C2F /* TopImageViewCell.swift */ = {isa = PBXFileReference; lastKnownFileType = sourcecode.swift; path = TopImageViewCell.swift; sourceTree = "<group>"; };
		AFD5C73124EE7B7900571C2F /* TopImageViewCell.xib */ = {isa = PBXFileReference; lastKnownFileType = file.xib; path = TopImageViewCell.xib; sourceTree = "<group>"; };
		AFD5C73524EE7F1400571C2F /* RatingCell.swift */ = {isa = PBXFileReference; lastKnownFileType = sourcecode.swift; path = RatingCell.swift; sourceTree = "<group>"; };
		AFD5C73624EE7F1400571C2F /* RatingCell.xib */ = {isa = PBXFileReference; lastKnownFileType = file.xib; path = RatingCell.xib; sourceTree = "<group>"; };
		AFD5C73A24EE875800571C2F /* DetailContentCell.swift */ = {isa = PBXFileReference; lastKnownFileType = sourcecode.swift; path = DetailContentCell.swift; sourceTree = "<group>"; };
		AFD5C73B24EE875800571C2F /* DetailContentCell.xib */ = {isa = PBXFileReference; lastKnownFileType = file.xib; path = DetailContentCell.xib; sourceTree = "<group>"; };
		AFD5C73E24EEAD3200571C2F /* Search.swift */ = {isa = PBXFileReference; fileEncoding = 4; lastKnownFileType = sourcecode.swift; path = Search.swift; sourceTree = "<group>"; };
		AFD5C73F24EEAD3300571C2F /* SearchData.swift */ = {isa = PBXFileReference; fileEncoding = 4; lastKnownFileType = sourcecode.swift; path = SearchData.swift; sourceTree = "<group>"; };
		B532018BBCA206990742579D /* Pods-loodos-loodosUITests.debug.xcconfig */ = {isa = PBXFileReference; includeInIndex = 1; lastKnownFileType = text.xcconfig; name = "Pods-loodos-loodosUITests.debug.xcconfig"; path = "Target Support Files/Pods-loodos-loodosUITests/Pods-loodos-loodosUITests.debug.xcconfig"; sourceTree = "<group>"; };
		C4579EB75E8091EDD642386B /* Pods_loodos_loodosUITests.framework */ = {isa = PBXFileReference; explicitFileType = wrapper.framework; includeInIndex = 0; path = Pods_loodos_loodosUITests.framework; sourceTree = BUILT_PRODUCTS_DIR; };
		E5C37287AF05E18C60ED7DCA /* Pods-loodos-loodosUITests.release.xcconfig */ = {isa = PBXFileReference; includeInIndex = 1; lastKnownFileType = text.xcconfig; name = "Pods-loodos-loodosUITests.release.xcconfig"; path = "Target Support Files/Pods-loodos-loodosUITests/Pods-loodos-loodosUITests.release.xcconfig"; sourceTree = "<group>"; };
		ED99A911B23C640CC843E0DF /* Pods-loodos.release.xcconfig */ = {isa = PBXFileReference; includeInIndex = 1; lastKnownFileType = text.xcconfig; name = "Pods-loodos.release.xcconfig"; path = "Target Support Files/Pods-loodos/Pods-loodos.release.xcconfig"; sourceTree = "<group>"; };
/* End PBXFileReference section */

/* Begin PBXFrameworksBuildPhase section */
		AF8D69EE24ED213700740263 /* Frameworks */ = {
			isa = PBXFrameworksBuildPhase;
			buildActionMask = 2147483647;
			files = (
				25E30B312A1822EC76FE8EF2 /* Pods_loodos.framework in Frameworks */,
			);
			runOnlyForDeploymentPostprocessing = 0;
		};
		AF8D6A0424ED213F00740263 /* Frameworks */ = {
			isa = PBXFrameworksBuildPhase;
			buildActionMask = 2147483647;
			files = (
				F20B5E991C142620CD39571C /* Pods_loodosTests.framework in Frameworks */,
			);
			runOnlyForDeploymentPostprocessing = 0;
		};
		AF8D6A0F24ED214000740263 /* Frameworks */ = {
			isa = PBXFrameworksBuildPhase;
			buildActionMask = 2147483647;
			files = (
				28CAEA5C1C2B0DD69BB49E0B /* Pods_loodos_loodosUITests.framework in Frameworks */,
			);
			runOnlyForDeploymentPostprocessing = 0;
		};
/* End PBXFrameworksBuildPhase section */

/* Begin PBXGroup section */
		63F6D140F4E9E87FEEDD0105 /* Frameworks */ = {
			isa = PBXGroup;
			children = (
				065E3484ED58A46CA812DAE8 /* Pods_loodos.framework */,
				C4579EB75E8091EDD642386B /* Pods_loodos_loodosUITests.framework */,
				38A889708A23F1FEB3009B6E /* Pods_loodosTests.framework */,
			);
			name = Frameworks;
			sourceTree = "<group>";
		};
		94F141D42FC886C3B5D14B86 /* Pods */ = {
			isa = PBXGroup;
			children = (
				9087350018465A4218C236CF /* Pods-loodos.debug.xcconfig */,
				ED99A911B23C640CC843E0DF /* Pods-loodos.release.xcconfig */,
				B532018BBCA206990742579D /* Pods-loodos-loodosUITests.debug.xcconfig */,
				E5C37287AF05E18C60ED7DCA /* Pods-loodos-loodosUITests.release.xcconfig */,
				422CB27CECC558BF920EAEE8 /* Pods-loodosTests.debug.xcconfig */,
				96E9FEF970595DDE79CC8F98 /* Pods-loodosTests.release.xcconfig */,
			);
			path = Pods;
			sourceTree = "<group>";
		};
		AF8D69E824ED213700740263 = {
			isa = PBXGroup;
			children = (
				AF8D69F324ED213700740263 /* loodos */,
				AF8D6A0A24ED213F00740263 /* loodosTests */,
				AF8D6A1524ED214000740263 /* loodosUITests */,
				AF8D69F224ED213700740263 /* Products */,
				94F141D42FC886C3B5D14B86 /* Pods */,
				63F6D140F4E9E87FEEDD0105 /* Frameworks */,
			);
			sourceTree = "<group>";
		};
		AF8D69F224ED213700740263 /* Products */ = {
			isa = PBXGroup;
			children = (
				AF8D69F124ED213700740263 /* loodos.app */,
				AF8D6A0724ED213F00740263 /* loodosTests.xctest */,
				AF8D6A1224ED214000740263 /* loodosUITests.xctest */,
			);
			name = Products;
			sourceTree = "<group>";
		};
		AF8D69F324ED213700740263 /* loodos */ = {
			isa = PBXGroup;
			children = (
				AF8D6A6024EDC62200740263 /* Models */,
				AF8D6A5D24EDC51500740263 /* Api */,
				AF8D6A2624ED254F00740263 /* Modules */,
				AFA7B12F24EFE52F00606788 /* Utils */,
				AF8D69F424ED213700740263 /* AppDelegate.swift */,
				AF8D69F624ED213700740263 /* SceneDelegate.swift */,
				AF8D69F824ED213700740263 /* ViewController.swift */,
				AF8D69FA24ED213700740263 /* Main.storyboard */,
				AF8D69FD24ED213F00740263 /* Assets.xcassets */,
				AF8D69FF24ED213F00740263 /* LaunchScreen.storyboard */,
				AF8D6A0224ED213F00740263 /* Info.plist */,
				AF8D6A2424ED22E800740263 /* GoogleService-Info.plist */,
			);
			path = loodos;
			sourceTree = "<group>";
		};
		AF8D6A0A24ED213F00740263 /* loodosTests */ = {
			isa = PBXGroup;
			children = (
				AF8D6A0B24ED214000740263 /* loodosTests.swift */,
				AF8D6A0D24ED214000740263 /* Info.plist */,
			);
			path = loodosTests;
			sourceTree = "<group>";
		};
		AF8D6A1524ED214000740263 /* loodosUITests */ = {
			isa = PBXGroup;
			children = (
				AF8D6A1624ED214000740263 /* loodosUITests.swift */,
				AF8D6A1824ED214000740263 /* Info.plist */,
			);
			path = loodosUITests;
			sourceTree = "<group>";
		};
		AF8D6A2624ED254F00740263 /* Modules */ = {
			isa = PBXGroup;
			children = (
				AFD5C72924EE7B1300571C2F /* Detail */,
				AF8D6A2924ED258200740263 /* SplashScreen */,
				AF8D6A5824EDAC1A00740263 /* Search */,
				AF8D6A3824ED34E200740263 /* Home */,
			);
			path = Modules;
			sourceTree = "<group>";
		};
		AF8D6A2924ED258200740263 /* SplashScreen */ = {
			isa = PBXGroup;
			children = (
				AF8D6A2724ED257C00740263 /* SplashScreenVC.swift */,
			);
			path = SplashScreen;
			sourceTree = "<group>";
		};
		AF8D6A3824ED34E200740263 /* Home */ = {
			isa = PBXGroup;
			children = (
				AF8D6A3924ED358B00740263 /* HomeVC.swift */,
				AF8D6A3B24ED36EA00740263 /* HomeVM.swift */,
				AF8D6A3F24ED3FFC00740263 /* Cells */,
			);
			path = Home;
			sourceTree = "<group>";
		};
		AF8D6A3F24ED3FFC00740263 /* Cells */ = {
			isa = PBXGroup;
			children = (
				AF8D6A4F24EDA50A00740263 /* MovieCardSmall */,
				AF8D6A4A24ED453E00740263 /* MovieBigCard */,
				AF8D6A4524ED449400740263 /* MovieCard */,
				AF8D6A4424ED448700740263 /* Top */,
			);
			path = Cells;
			sourceTree = "<group>";
		};
		AF8D6A4424ED448700740263 /* Top */ = {
			isa = PBXGroup;
			children = (
				AF8D6A4024ED402600740263 /* HomeTopViewCell.swift */,
				AF8D6A4124ED402600740263 /* HomeTopViewCell.xib */,
			);
			path = Top;
			sourceTree = "<group>";
		};
		AF8D6A4524ED449400740263 /* MovieCard */ = {
			isa = PBXGroup;
			children = (
				AF8D6A4624ED44C100740263 /* MovieCardCell.swift */,
				AF8D6A4724ED44C100740263 /* MovieCardCell.xib */,
			);
			path = MovieCard;
			sourceTree = "<group>";
		};
		AF8D6A4A24ED453E00740263 /* MovieBigCard */ = {
			isa = PBXGroup;
			children = (
				AF8D6A4B24ED457C00740263 /* MovieBigCardCVCell.swift */,
				AF8D6A4C24ED457C00740263 /* MovieBigCardCVCell.xib */,
			);
			path = MovieBigCard;
			sourceTree = "<group>";
		};
		AF8D6A4F24EDA50A00740263 /* MovieCardSmall */ = {
			isa = PBXGroup;
			children = (
				AF8D6A5424EDA59400740263 /* MovieCardSmallCVCell.swift */,
				AF8D6A5524EDA59400740263 /* MovieCardSmallCVCell.xib */,
			);
			path = MovieCardSmall;
			sourceTree = "<group>";
		};
		AF8D6A5824EDAC1A00740263 /* Search */ = {
			isa = PBXGroup;
			children = (
				AF8D6A5924EDAC3800740263 /* SearchVC.swift */,
				AF8D6A5B24EDB02100740263 /* SearchVM.swift */,
			);
			path = Search;
			sourceTree = "<group>";
		};
		AF8D6A5D24EDC51500740263 /* Api */ = {
			isa = PBXGroup;
			children = (
				AF8D6A5E24EDC51500740263 /* ApiClient.swift */,
			);
			path = Api;
			sourceTree = "<group>";
		};
		AF8D6A6024EDC62200740263 /* Models */ = {
			isa = PBXGroup;
			children = (
				AFD5C73E24EEAD3200571C2F /* Search.swift */,
				AFD5C73F24EEAD3300571C2F /* SearchData.swift */,
				AF8D6A6124EDC62C00740263 /* MovieData.swift */,
				AF8D6A6224EDC62D00740263 /* Ratings.swift */,
			);
			path = Models;
			sourceTree = "<group>";
		};
		AFA7B12F24EFE52F00606788 /* Utils */ = {
			isa = PBXGroup;
			children = (
				AFA7B13024EFE52F00606788 /* Constants.swift */,
				AFA7B13124EFE52F00606788 /* Enums.swift */,
				AFA7B13224EFE52F00606788 /* WorkItem.swift */,
				AFA7B13324EFE52F00606788 /* Extensions.swift */,
				AFA7B13424EFE52F00606788 /* Alerts */,
				AFA7B13824EFE52F00606788 /* InternetConnectionManager.swift */,
				AFA7B13924EFE52F00606788 /* Protocols.swift */,
				AFA7B13A24EFE52F00606788 /* Utils.swift */,
			);
			path = Utils;
			sourceTree = "<group>";
		};
		AFA7B13424EFE52F00606788 /* Alerts */ = {
			isa = PBXGroup;
			children = (
				AFA7B13524EFE52F00606788 /* CustomLoading */,
			);
			path = Alerts;
			sourceTree = "<group>";
		};
		AFA7B13524EFE52F00606788 /* CustomLoading */ = {
			isa = PBXGroup;
			children = (
				AFA7B13624EFE52F00606788 /* AlertView.xib */,
				AFA7B13724EFE52F00606788 /* AlertView.swift */,
			);
			path = CustomLoading;
			sourceTree = "<group>";
		};
		AFD5C72924EE7B1300571C2F /* Detail */ = {
			isa = PBXGroup;
			children = (
				AFD5C72A24EE7B2B00571C2F /* DetailVC.swift */,
				AFD5C72C24EE7B3700571C2F /* DetailVM.swift */,
				AFD5C72E24EE7B3E00571C2F /* Cells */,
			);
			path = Detail;
			sourceTree = "<group>";
		};
		AFD5C72E24EE7B3E00571C2F /* Cells */ = {
			isa = PBXGroup;
			children = (
				AFD5C73924EE873B00571C2F /* DetailContent */,
				AFD5C73424EE7EF800571C2F /* Ratings */,
				AFD5C72F24EE7B4A00571C2F /* TopImageView */,
			);
			path = Cells;
			sourceTree = "<group>";
		};
		AFD5C72F24EE7B4A00571C2F /* TopImageView */ = {
			isa = PBXGroup;
			children = (
				AFD5C73024EE7B7900571C2F /* TopImageViewCell.swift */,
				AFD5C73124EE7B7900571C2F /* TopImageViewCell.xib */,
			);
			path = TopImageView;
			sourceTree = "<group>";
		};
		AFD5C73424EE7EF800571C2F /* Ratings */ = {
			isa = PBXGroup;
			children = (
				AFD5C73524EE7F1400571C2F /* RatingCell.swift */,
				AFD5C73624EE7F1400571C2F /* RatingCell.xib */,
			);
			path = Ratings;
			sourceTree = "<group>";
		};
		AFD5C73924EE873B00571C2F /* DetailContent */ = {
			isa = PBXGroup;
			children = (
				AFD5C73A24EE875800571C2F /* DetailContentCell.swift */,
				AFD5C73B24EE875800571C2F /* DetailContentCell.xib */,
			);
			path = DetailContent;
			sourceTree = "<group>";
		};
/* End PBXGroup section */

/* Begin PBXNativeTarget section */
		AF8D69F024ED213700740263 /* loodos */ = {
			isa = PBXNativeTarget;
			buildConfigurationList = AF8D6A1B24ED214000740263 /* Build configuration list for PBXNativeTarget "loodos" */;
			buildPhases = (
				B39984DF7C86442BF8DB2D4E /* [CP] Check Pods Manifest.lock */,
				AF8D69ED24ED213700740263 /* Sources */,
				AF8D69EE24ED213700740263 /* Frameworks */,
				AF8D69EF24ED213700740263 /* Resources */,
				9C729E3F4F65F898005BB60C /* [CP] Embed Pods Frameworks */,
			);
			buildRules = (
			);
			dependencies = (
			);
			name = loodos;
			productName = loodos;
			productReference = AF8D69F124ED213700740263 /* loodos.app */;
			productType = "com.apple.product-type.application";
		};
		AF8D6A0624ED213F00740263 /* loodosTests */ = {
			isa = PBXNativeTarget;
			buildConfigurationList = AF8D6A1E24ED214000740263 /* Build configuration list for PBXNativeTarget "loodosTests" */;
			buildPhases = (
				EC661EE2AEAF1FF8BD8BE1E0 /* [CP] Check Pods Manifest.lock */,
				AF8D6A0324ED213F00740263 /* Sources */,
				AF8D6A0424ED213F00740263 /* Frameworks */,
				AF8D6A0524ED213F00740263 /* Resources */,
			);
			buildRules = (
			);
			dependencies = (
				AF8D6A0924ED213F00740263 /* PBXTargetDependency */,
			);
			name = loodosTests;
			productName = loodosTests;
			productReference = AF8D6A0724ED213F00740263 /* loodosTests.xctest */;
			productType = "com.apple.product-type.bundle.unit-test";
		};
		AF8D6A1124ED214000740263 /* loodosUITests */ = {
			isa = PBXNativeTarget;
			buildConfigurationList = AF8D6A2124ED214000740263 /* Build configuration list for PBXNativeTarget "loodosUITests" */;
			buildPhases = (
				9FF12EECAF4192BA879FC082 /* [CP] Check Pods Manifest.lock */,
				AF8D6A0E24ED214000740263 /* Sources */,
				AF8D6A0F24ED214000740263 /* Frameworks */,
				AF8D6A1024ED214000740263 /* Resources */,
				7F0137DA47D2181A83BAF061 /* [CP] Embed Pods Frameworks */,
			);
			buildRules = (
			);
			dependencies = (
				AF8D6A1424ED214000740263 /* PBXTargetDependency */,
			);
			name = loodosUITests;
			productName = loodosUITests;
			productReference = AF8D6A1224ED214000740263 /* loodosUITests.xctest */;
			productType = "com.apple.product-type.bundle.ui-testing";
		};
/* End PBXNativeTarget section */

/* Begin PBXProject section */
		AF8D69E924ED213700740263 /* Project object */ = {
			isa = PBXProject;
			attributes = {
				LastSwiftUpdateCheck = 1200;
				LastUpgradeCheck = 1200;
				TargetAttributes = {
					AF8D69F024ED213700740263 = {
						CreatedOnToolsVersion = 12.0;
					};
					AF8D6A0624ED213F00740263 = {
						CreatedOnToolsVersion = 12.0;
						TestTargetID = AF8D69F024ED213700740263;
					};
					AF8D6A1124ED214000740263 = {
						CreatedOnToolsVersion = 12.0;
						TestTargetID = AF8D69F024ED213700740263;
					};
				};
			};
			buildConfigurationList = AF8D69EC24ED213700740263 /* Build configuration list for PBXProject "loodos" */;
			compatibilityVersion = "Xcode 9.3";
			developmentRegion = en;
			hasScannedForEncodings = 0;
			knownRegions = (
				en,
				Base,
			);
			mainGroup = AF8D69E824ED213700740263;
			productRefGroup = AF8D69F224ED213700740263 /* Products */;
			projectDirPath = "";
			projectRoot = "";
			targets = (
				AF8D69F024ED213700740263 /* loodos */,
				AF8D6A0624ED213F00740263 /* loodosTests */,
				AF8D6A1124ED214000740263 /* loodosUITests */,
			);
		};
/* End PBXProject section */

/* Begin PBXResourcesBuildPhase section */
		AF8D69EF24ED213700740263 /* Resources */ = {
			isa = PBXResourcesBuildPhase;
			buildActionMask = 2147483647;
			files = (
				AFD5C73D24EE875800571C2F /* DetailContentCell.xib in Resources */,
				AF8D6A0124ED213F00740263 /* LaunchScreen.storyboard in Resources */,
				AF8D6A4324ED402600740263 /* HomeTopViewCell.xib in Resources */,
				AF8D6A2524ED22E800740263 /* GoogleService-Info.plist in Resources */,
				AF8D69FE24ED213F00740263 /* Assets.xcassets in Resources */,
				AFD5C73324EE7B7900571C2F /* TopImageViewCell.xib in Resources */,
				AF8D6A4924ED44C100740263 /* MovieCardCell.xib in Resources */,
				AFD5C73824EE7F1400571C2F /* RatingCell.xib in Resources */,
				AF8D6A5724EDA59400740263 /* MovieCardSmallCVCell.xib in Resources */,
				AFA7B13F24EFE52F00606788 /* AlertView.xib in Resources */,
				AF8D6A4E24ED457C00740263 /* MovieBigCardCVCell.xib in Resources */,
				AF8D69FC24ED213700740263 /* Main.storyboard in Resources */,
			);
			runOnlyForDeploymentPostprocessing = 0;
		};
		AF8D6A0524ED213F00740263 /* Resources */ = {
			isa = PBXResourcesBuildPhase;
			buildActionMask = 2147483647;
			files = (
			);
			runOnlyForDeploymentPostprocessing = 0;
		};
		AF8D6A1024ED214000740263 /* Resources */ = {
			isa = PBXResourcesBuildPhase;
			buildActionMask = 2147483647;
			files = (
			);
			runOnlyForDeploymentPostprocessing = 0;
		};
/* End PBXResourcesBuildPhase section */

/* Begin PBXShellScriptBuildPhase section */
		7F0137DA47D2181A83BAF061 /* [CP] Embed Pods Frameworks */ = {
			isa = PBXShellScriptBuildPhase;
			buildActionMask = 2147483647;
			files = (
			);
			inputFileListPaths = (
				"${PODS_ROOT}/Target Support Files/Pods-loodos-loodosUITests/Pods-loodos-loodosUITests-frameworks-${CONFIGURATION}-input-files.xcfilelist",
			);
			name = "[CP] Embed Pods Frameworks";
			outputFileListPaths = (
				"${PODS_ROOT}/Target Support Files/Pods-loodos-loodosUITests/Pods-loodos-loodosUITests-frameworks-${CONFIGURATION}-output-files.xcfilelist",
			);
			runOnlyForDeploymentPostprocessing = 0;
			shellPath = /bin/sh;
			shellScript = "\"${PODS_ROOT}/Target Support Files/Pods-loodos-loodosUITests/Pods-loodos-loodosUITests-frameworks.sh\"\n";
			showEnvVarsInLog = 0;
		};
		9C729E3F4F65F898005BB60C /* [CP] Embed Pods Frameworks */ = {
			isa = PBXShellScriptBuildPhase;
			buildActionMask = 2147483647;
			files = (
			);
			inputFileListPaths = (
				"${PODS_ROOT}/Target Support Files/Pods-loodos/Pods-loodos-frameworks-${CONFIGURATION}-input-files.xcfilelist",
			);
			name = "[CP] Embed Pods Frameworks";
			outputFileListPaths = (
				"${PODS_ROOT}/Target Support Files/Pods-loodos/Pods-loodos-frameworks-${CONFIGURATION}-output-files.xcfilelist",
			);
			runOnlyForDeploymentPostprocessing = 0;
			shellPath = /bin/sh;
			shellScript = "\"${PODS_ROOT}/Target Support Files/Pods-loodos/Pods-loodos-frameworks.sh\"\n";
			showEnvVarsInLog = 0;
		};
		9FF12EECAF4192BA879FC082 /* [CP] Check Pods Manifest.lock */ = {
			isa = PBXShellScriptBuildPhase;
			buildActionMask = 2147483647;
			files = (
			);
			inputFileListPaths = (
			);
			inputPaths = (
				"${PODS_PODFILE_DIR_PATH}/Podfile.lock",
				"${PODS_ROOT}/Manifest.lock",
			);
			name = "[CP] Check Pods Manifest.lock";
			outputFileListPaths = (
			);
			outputPaths = (
				"$(DERIVED_FILE_DIR)/Pods-loodos-loodosUITests-checkManifestLockResult.txt",
			);
			runOnlyForDeploymentPostprocessing = 0;
			shellPath = /bin/sh;
			shellScript = "diff \"${PODS_PODFILE_DIR_PATH}/Podfile.lock\" \"${PODS_ROOT}/Manifest.lock\" > /dev/null\nif [ $? != 0 ] ; then\n    # print error to STDERR\n    echo \"error: The sandbox is not in sync with the Podfile.lock. Run 'pod install' or update your CocoaPods installation.\" >&2\n    exit 1\nfi\n# This output is used by Xcode 'outputs' to avoid re-running this script phase.\necho \"SUCCESS\" > \"${SCRIPT_OUTPUT_FILE_0}\"\n";
			showEnvVarsInLog = 0;
		};
		B39984DF7C86442BF8DB2D4E /* [CP] Check Pods Manifest.lock */ = {
			isa = PBXShellScriptBuildPhase;
			buildActionMask = 2147483647;
			files = (
			);
			inputFileListPaths = (
			);
			inputPaths = (
				"${PODS_PODFILE_DIR_PATH}/Podfile.lock",
				"${PODS_ROOT}/Manifest.lock",
			);
			name = "[CP] Check Pods Manifest.lock";
			outputFileListPaths = (
			);
			outputPaths = (
				"$(DERIVED_FILE_DIR)/Pods-loodos-checkManifestLockResult.txt",
			);
			runOnlyForDeploymentPostprocessing = 0;
			shellPath = /bin/sh;
			shellScript = "diff \"${PODS_PODFILE_DIR_PATH}/Podfile.lock\" \"${PODS_ROOT}/Manifest.lock\" > /dev/null\nif [ $? != 0 ] ; then\n    # print error to STDERR\n    echo \"error: The sandbox is not in sync with the Podfile.lock. Run 'pod install' or update your CocoaPods installation.\" >&2\n    exit 1\nfi\n# This output is used by Xcode 'outputs' to avoid re-running this script phase.\necho \"SUCCESS\" > \"${SCRIPT_OUTPUT_FILE_0}\"\n";
			showEnvVarsInLog = 0;
		};
		EC661EE2AEAF1FF8BD8BE1E0 /* [CP] Check Pods Manifest.lock */ = {
			isa = PBXShellScriptBuildPhase;
			buildActionMask = 2147483647;
			files = (
			);
			inputFileListPaths = (
			);
			inputPaths = (
				"${PODS_PODFILE_DIR_PATH}/Podfile.lock",
				"${PODS_ROOT}/Manifest.lock",
			);
			name = "[CP] Check Pods Manifest.lock";
			outputFileListPaths = (
			);
			outputPaths = (
				"$(DERIVED_FILE_DIR)/Pods-loodosTests-checkManifestLockResult.txt",
			);
			runOnlyForDeploymentPostprocessing = 0;
			shellPath = /bin/sh;
			shellScript = "diff \"${PODS_PODFILE_DIR_PATH}/Podfile.lock\" \"${PODS_ROOT}/Manifest.lock\" > /dev/null\nif [ $? != 0 ] ; then\n    # print error to STDERR\n    echo \"error: The sandbox is not in sync with the Podfile.lock. Run 'pod install' or update your CocoaPods installation.\" >&2\n    exit 1\nfi\n# This output is used by Xcode 'outputs' to avoid re-running this script phase.\necho \"SUCCESS\" > \"${SCRIPT_OUTPUT_FILE_0}\"\n";
			showEnvVarsInLog = 0;
		};
/* End PBXShellScriptBuildPhase section */

/* Begin PBXSourcesBuildPhase section */
		AF8D69ED24ED213700740263 /* Sources */ = {
			isa = PBXSourcesBuildPhase;
			buildActionMask = 2147483647;
			files = (
				AF8D6A5624EDA59400740263 /* MovieCardSmallCVCell.swift in Sources */,
				AFD5C73224EE7B7900571C2F /* TopImageViewCell.swift in Sources */,
				AFD5C72D24EE7B3700571C2F /* DetailVM.swift in Sources */,
				AFD5C73724EE7F1400571C2F /* RatingCell.swift in Sources */,
				AF8D6A4824ED44C100740263 /* MovieCardCell.swift in Sources */,
				AF8D69F924ED213700740263 /* ViewController.swift in Sources */,
				AFA7B13B24EFE52F00606788 /* Constants.swift in Sources */,
				AF8D6A4224ED402600740263 /* HomeTopViewCell.swift in Sources */,
				AFD5C74024EEAD3300571C2F /* Search.swift in Sources */,
				AF8D6A3C24ED36EA00740263 /* HomeVM.swift in Sources */,
				AF8D6A4D24ED457C00740263 /* MovieBigCardCVCell.swift in Sources */,
				AFA7B13C24EFE52F00606788 /* Enums.swift in Sources */,
				AF8D6A6324EDC62D00740263 /* MovieData.swift in Sources */,
				AFA7B14324EFE52F00606788 /* Utils.swift in Sources */,
				AF8D69F524ED213700740263 /* AppDelegate.swift in Sources */,
				AFD5C72B24EE7B2B00571C2F /* DetailVC.swift in Sources */,
				AF8D6A6424EDC62D00740263 /* Ratings.swift in Sources */,
				AF8D6A5F24EDC51600740263 /* ApiClient.swift in Sources */,
				AF8D6A5C24EDB02100740263 /* SearchVM.swift in Sources */,
				AFD5C73C24EE875800571C2F /* DetailContentCell.swift in Sources */,
				AF8D69F724ED213700740263 /* SceneDelegate.swift in Sources */,
				AFD5C74124EEAD3300571C2F /* SearchData.swift in Sources */,
				AFA7B13D24EFE52F00606788 /* WorkItem.swift in Sources */,
				AFA7B14124EFE52F00606788 /* InternetConnectionManager.swift in Sources */,
				AFA7B14024EFE52F00606788 /* AlertView.swift in Sources */,
				AF8D6A3A24ED358B00740263 /* HomeVC.swift in Sources */,
				AFA7B13E24EFE52F00606788 /* Extensions.swift in Sources */,
				AF8D6A5A24EDAC3800740263 /* SearchVC.swift in Sources */,
				AFA7B14224EFE52F00606788 /* Protocols.swift in Sources */,
				AF8D6A2824ED257C00740263 /* SplashScreenVC.swift in Sources */,
			);
			runOnlyForDeploymentPostprocessing = 0;
		};
		AF8D6A0324ED213F00740263 /* Sources */ = {
			isa = PBXSourcesBuildPhase;
			buildActionMask = 2147483647;
			files = (
				AF8D6A0C24ED214000740263 /* loodosTests.swift in Sources */,
			);
			runOnlyForDeploymentPostprocessing = 0;
		};
		AF8D6A0E24ED214000740263 /* Sources */ = {
			isa = PBXSourcesBuildPhase;
			buildActionMask = 2147483647;
			files = (
				AF8D6A1724ED214000740263 /* loodosUITests.swift in Sources */,
			);
			runOnlyForDeploymentPostprocessing = 0;
		};
/* End PBXSourcesBuildPhase section */

/* Begin PBXTargetDependency section */
		AF8D6A0924ED213F00740263 /* PBXTargetDependency */ = {
			isa = PBXTargetDependency;
			target = AF8D69F024ED213700740263 /* loodos */;
			targetProxy = AF8D6A0824ED213F00740263 /* PBXContainerItemProxy */;
		};
		AF8D6A1424ED214000740263 /* PBXTargetDependency */ = {
			isa = PBXTargetDependency;
			target = AF8D69F024ED213700740263 /* loodos */;
			targetProxy = AF8D6A1324ED214000740263 /* PBXContainerItemProxy */;
		};
/* End PBXTargetDependency section */

/* Begin PBXVariantGroup section */
		AF8D69FA24ED213700740263 /* Main.storyboard */ = {
			isa = PBXVariantGroup;
			children = (
				AF8D69FB24ED213700740263 /* Base */,
			);
			name = Main.storyboard;
			sourceTree = "<group>";
		};
		AF8D69FF24ED213F00740263 /* LaunchScreen.storyboard */ = {
			isa = PBXVariantGroup;
			children = (
				AF8D6A0024ED213F00740263 /* Base */,
			);
			name = LaunchScreen.storyboard;
			sourceTree = "<group>";
		};
/* End PBXVariantGroup section */

/* Begin XCBuildConfiguration section */
		AF8D6A1924ED214000740263 /* Debug */ = {
			isa = XCBuildConfiguration;
			buildSettings = {
				ALWAYS_SEARCH_USER_PATHS = NO;
				CLANG_ANALYZER_NONNULL = YES;
				CLANG_ANALYZER_NUMBER_OBJECT_CONVERSION = YES_AGGRESSIVE;
				CLANG_CXX_LANGUAGE_STANDARD = "gnu++14";
				CLANG_CXX_LIBRARY = "libc++";
				CLANG_ENABLE_MODULES = YES;
				CLANG_ENABLE_OBJC_ARC = YES;
				CLANG_ENABLE_OBJC_WEAK = YES;
				CLANG_WARN_BLOCK_CAPTURE_AUTORELEASING = YES;
				CLANG_WARN_BOOL_CONVERSION = YES;
				CLANG_WARN_COMMA = YES;
				CLANG_WARN_CONSTANT_CONVERSION = YES;
				CLANG_WARN_DEPRECATED_OBJC_IMPLEMENTATIONS = YES;
				CLANG_WARN_DIRECT_OBJC_ISA_USAGE = YES_ERROR;
				CLANG_WARN_DOCUMENTATION_COMMENTS = YES;
				CLANG_WARN_EMPTY_BODY = YES;
				CLANG_WARN_ENUM_CONVERSION = YES;
				CLANG_WARN_INFINITE_RECURSION = YES;
				CLANG_WARN_INT_CONVERSION = YES;
				CLANG_WARN_NON_LITERAL_NULL_CONVERSION = YES;
				CLANG_WARN_OBJC_IMPLICIT_RETAIN_SELF = YES;
				CLANG_WARN_OBJC_LITERAL_CONVERSION = YES;
				CLANG_WARN_OBJC_ROOT_CLASS = YES_ERROR;
				CLANG_WARN_QUOTED_INCLUDE_IN_FRAMEWORK_HEADER = YES;
				CLANG_WARN_RANGE_LOOP_ANALYSIS = YES;
				CLANG_WARN_STRICT_PROTOTYPES = YES;
				CLANG_WARN_SUSPICIOUS_MOVE = YES;
				CLANG_WARN_UNGUARDED_AVAILABILITY = YES_AGGRESSIVE;
				CLANG_WARN_UNREACHABLE_CODE = YES;
				CLANG_WARN__DUPLICATE_METHOD_MATCH = YES;
				COPY_PHASE_STRIP = NO;
				DEBUG_INFORMATION_FORMAT = dwarf;
				ENABLE_STRICT_OBJC_MSGSEND = YES;
				ENABLE_TESTABILITY = YES;
				GCC_C_LANGUAGE_STANDARD = gnu11;
				GCC_DYNAMIC_NO_PIC = NO;
				GCC_NO_COMMON_BLOCKS = YES;
				GCC_OPTIMIZATION_LEVEL = 0;
				GCC_PREPROCESSOR_DEFINITIONS = (
					"DEBUG=1",
					"$(inherited)",
				);
				GCC_WARN_64_TO_32_BIT_CONVERSION = YES;
				GCC_WARN_ABOUT_RETURN_TYPE = YES_ERROR;
				GCC_WARN_UNDECLARED_SELECTOR = YES;
				GCC_WARN_UNINITIALIZED_AUTOS = YES_AGGRESSIVE;
				GCC_WARN_UNUSED_FUNCTION = YES;
				GCC_WARN_UNUSED_VARIABLE = YES;
				IPHONEOS_DEPLOYMENT_TARGET = 14.0;
				MTL_ENABLE_DEBUG_INFO = INCLUDE_SOURCE;
				MTL_FAST_MATH = YES;
				ONLY_ACTIVE_ARCH = YES;
				SDKROOT = iphoneos;
				SWIFT_ACTIVE_COMPILATION_CONDITIONS = DEBUG;
				SWIFT_OPTIMIZATION_LEVEL = "-Onone";
			};
			name = Debug;
		};
		AF8D6A1A24ED214000740263 /* Release */ = {
			isa = XCBuildConfiguration;
			buildSettings = {
				ALWAYS_SEARCH_USER_PATHS = NO;
				CLANG_ANALYZER_NONNULL = YES;
				CLANG_ANALYZER_NUMBER_OBJECT_CONVERSION = YES_AGGRESSIVE;
				CLANG_CXX_LANGUAGE_STANDARD = "gnu++14";
				CLANG_CXX_LIBRARY = "libc++";
				CLANG_ENABLE_MODULES = YES;
				CLANG_ENABLE_OBJC_ARC = YES;
				CLANG_ENABLE_OBJC_WEAK = YES;
				CLANG_WARN_BLOCK_CAPTURE_AUTORELEASING = YES;
				CLANG_WARN_BOOL_CONVERSION = YES;
				CLANG_WARN_COMMA = YES;
				CLANG_WARN_CONSTANT_CONVERSION = YES;
				CLANG_WARN_DEPRECATED_OBJC_IMPLEMENTATIONS = YES;
				CLANG_WARN_DIRECT_OBJC_ISA_USAGE = YES_ERROR;
				CLANG_WARN_DOCUMENTATION_COMMENTS = YES;
				CLANG_WARN_EMPTY_BODY = YES;
				CLANG_WARN_ENUM_CONVERSION = YES;
				CLANG_WARN_INFINITE_RECURSION = YES;
				CLANG_WARN_INT_CONVERSION = YES;
				CLANG_WARN_NON_LITERAL_NULL_CONVERSION = YES;
				CLANG_WARN_OBJC_IMPLICIT_RETAIN_SELF = YES;
				CLANG_WARN_OBJC_LITERAL_CONVERSION = YES;
				CLANG_WARN_OBJC_ROOT_CLASS = YES_ERROR;
				CLANG_WARN_QUOTED_INCLUDE_IN_FRAMEWORK_HEADER = YES;
				CLANG_WARN_RANGE_LOOP_ANALYSIS = YES;
				CLANG_WARN_STRICT_PROTOTYPES = YES;
				CLANG_WARN_SUSPICIOUS_MOVE = YES;
				CLANG_WARN_UNGUARDED_AVAILABILITY = YES_AGGRESSIVE;
				CLANG_WARN_UNREACHABLE_CODE = YES;
				CLANG_WARN__DUPLICATE_METHOD_MATCH = YES;
				COPY_PHASE_STRIP = NO;
				DEBUG_INFORMATION_FORMAT = "dwarf-with-dsym";
				ENABLE_NS_ASSERTIONS = NO;
				ENABLE_STRICT_OBJC_MSGSEND = YES;
				GCC_C_LANGUAGE_STANDARD = gnu11;
				GCC_NO_COMMON_BLOCKS = YES;
				GCC_WARN_64_TO_32_BIT_CONVERSION = YES;
				GCC_WARN_ABOUT_RETURN_TYPE = YES_ERROR;
				GCC_WARN_UNDECLARED_SELECTOR = YES;
				GCC_WARN_UNINITIALIZED_AUTOS = YES_AGGRESSIVE;
				GCC_WARN_UNUSED_FUNCTION = YES;
				GCC_WARN_UNUSED_VARIABLE = YES;
				IPHONEOS_DEPLOYMENT_TARGET = 14.0;
				MTL_ENABLE_DEBUG_INFO = NO;
				MTL_FAST_MATH = YES;
				SDKROOT = iphoneos;
				SWIFT_COMPILATION_MODE = wholemodule;
				SWIFT_OPTIMIZATION_LEVEL = "-O";
				VALIDATE_PRODUCT = YES;
			};
			name = Release;
		};
		AF8D6A1C24ED214000740263 /* Debug */ = {
			isa = XCBuildConfiguration;
			baseConfigurationReference = 9087350018465A4218C236CF /* Pods-loodos.debug.xcconfig */;
			buildSettings = {
				ASSETCATALOG_COMPILER_APPICON_NAME = AppIcon;
				ASSETCATALOG_COMPILER_GLOBAL_ACCENT_COLOR_NAME = AccentColor;
				CODE_SIGN_STYLE = Automatic;
				DEVELOPMENT_TEAM = ZX28VCRX7G;
				INFOPLIST_FILE = loodos/Info.plist;
				LD_RUNPATH_SEARCH_PATHS = (
					"$(inherited)",
					"@executable_path/Frameworks",
				);
				PRODUCT_BUNDLE_IDENTIFIER = com.berkaydelen.loodos;
				PRODUCT_NAME = "$(TARGET_NAME)";
				SWIFT_VERSION = 5.0;
				TARGETED_DEVICE_FAMILY = "1,2";
			};
			name = Debug;
		};
		AF8D6A1D24ED214000740263 /* Release */ = {
			isa = XCBuildConfiguration;
			baseConfigurationReference = ED99A911B23C640CC843E0DF /* Pods-loodos.release.xcconfig */;
			buildSettings = {
				ASSETCATALOG_COMPILER_APPICON_NAME = AppIcon;
				ASSETCATALOG_COMPILER_GLOBAL_ACCENT_COLOR_NAME = AccentColor;
				CODE_SIGN_STYLE = Automatic;
				DEVELOPMENT_TEAM = ZX28VCRX7G;
				INFOPLIST_FILE = loodos/Info.plist;
				LD_RUNPATH_SEARCH_PATHS = (
					"$(inherited)",
					"@executable_path/Frameworks",
				);
				PRODUCT_BUNDLE_IDENTIFIER = com.berkaydelen.loodos;
				PRODUCT_NAME = "$(TARGET_NAME)";
				SWIFT_VERSION = 5.0;
				TARGETED_DEVICE_FAMILY = "1,2";
			};
			name = Release;
		};
		AF8D6A1F24ED214000740263 /* Debug */ = {
			isa = XCBuildConfiguration;
			baseConfigurationReference = 422CB27CECC558BF920EAEE8 /* Pods-loodosTests.debug.xcconfig */;
			buildSettings = {
				ALWAYS_EMBED_SWIFT_STANDARD_LIBRARIES = YES;
				BUNDLE_LOADER = "$(TEST_HOST)";
				CODE_SIGN_STYLE = Automatic;
				DEVELOPMENT_TEAM = ZX28VCRX7G;
				INFOPLIST_FILE = loodosTests/Info.plist;
				IPHONEOS_DEPLOYMENT_TARGET = 14.0;
				LD_RUNPATH_SEARCH_PATHS = (
					"$(inherited)",
					"@executable_path/Frameworks",
					"@loader_path/Frameworks",
				);
				PRODUCT_BUNDLE_IDENTIFIER = com.berkaydelen.loodosTests;
				PRODUCT_NAME = "$(TARGET_NAME)";
				SWIFT_VERSION = 5.0;
				TARGETED_DEVICE_FAMILY = "1,2";
				TEST_HOST = "$(BUILT_PRODUCTS_DIR)/loodos.app/loodos";
			};
			name = Debug;
		};
		AF8D6A2024ED214000740263 /* Release */ = {
			isa = XCBuildConfiguration;
			baseConfigurationReference = 96E9FEF970595DDE79CC8F98 /* Pods-loodosTests.release.xcconfig */;
			buildSettings = {
				ALWAYS_EMBED_SWIFT_STANDARD_LIBRARIES = YES;
				BUNDLE_LOADER = "$(TEST_HOST)";
				CODE_SIGN_STYLE = Automatic;
				DEVELOPMENT_TEAM = ZX28VCRX7G;
				INFOPLIST_FILE = loodosTests/Info.plist;
				IPHONEOS_DEPLOYMENT_TARGET = 14.0;
				LD_RUNPATH_SEARCH_PATHS = (
					"$(inherited)",
					"@executable_path/Frameworks",
					"@loader_path/Frameworks",
				);
				PRODUCT_BUNDLE_IDENTIFIER = com.berkaydelen.loodosTests;
				PRODUCT_NAME = "$(TARGET_NAME)";
				SWIFT_VERSION = 5.0;
				TARGETED_DEVICE_FAMILY = "1,2";
				TEST_HOST = "$(BUILT_PRODUCTS_DIR)/loodos.app/loodos";
			};
			name = Release;
		};
		AF8D6A2224ED214000740263 /* Debug */ = {
			isa = XCBuildConfiguration;
			baseConfigurationReference = B532018BBCA206990742579D /* Pods-loodos-loodosUITests.debug.xcconfig */;
			buildSettings = {
				ALWAYS_EMBED_SWIFT_STANDARD_LIBRARIES = YES;
				CODE_SIGN_STYLE = Automatic;
				DEVELOPMENT_TEAM = ZX28VCRX7G;
				INFOPLIST_FILE = loodosUITests/Info.plist;
				LD_RUNPATH_SEARCH_PATHS = (
					"$(inherited)",
					"@executable_path/Frameworks",
					"@loader_path/Frameworks",
				);
				PRODUCT_BUNDLE_IDENTIFIER = com.berkaydelen.loodosUITests;
				PRODUCT_NAME = "$(TARGET_NAME)";
				SWIFT_VERSION = 5.0;
				TARGETED_DEVICE_FAMILY = "1,2";
				TEST_TARGET_NAME = loodos;
			};
			name = Debug;
		};
		AF8D6A2324ED214000740263 /* Release */ = {
			isa = XCBuildConfiguration;
			baseConfigurationReference = E5C37287AF05E18C60ED7DCA /* Pods-loodos-loodosUITests.release.xcconfig */;
			buildSettings = {
				ALWAYS_EMBED_SWIFT_STANDARD_LIBRARIES = YES;
				CODE_SIGN_STYLE = Automatic;
				DEVELOPMENT_TEAM = ZX28VCRX7G;
				INFOPLIST_FILE = loodosUITests/Info.plist;
				LD_RUNPATH_SEARCH_PATHS = (
					"$(inherited)",
					"@executable_path/Frameworks",
					"@loader_path/Frameworks",
				);
				PRODUCT_BUNDLE_IDENTIFIER = com.berkaydelen.loodosUITests;
				PRODUCT_NAME = "$(TARGET_NAME)";
				SWIFT_VERSION = 5.0;
				TARGETED_DEVICE_FAMILY = "1,2";
				TEST_TARGET_NAME = loodos;
			};
			name = Release;
		};
/* End XCBuildConfiguration section */

/* Begin XCConfigurationList section */
		AF8D69EC24ED213700740263 /* Build configuration list for PBXProject "loodos" */ = {
			isa = XCConfigurationList;
			buildConfigurations = (
				AF8D6A1924ED214000740263 /* Debug */,
				AF8D6A1A24ED214000740263 /* Release */,
			);
			defaultConfigurationIsVisible = 0;
			defaultConfigurationName = Release;
		};
		AF8D6A1B24ED214000740263 /* Build configuration list for PBXNativeTarget "loodos" */ = {
			isa = XCConfigurationList;
			buildConfigurations = (
				AF8D6A1C24ED214000740263 /* Debug */,
				AF8D6A1D24ED214000740263 /* Release */,
			);
			defaultConfigurationIsVisible = 0;
			defaultConfigurationName = Release;
		};
		AF8D6A1E24ED214000740263 /* Build configuration list for PBXNativeTarget "loodosTests" */ = {
			isa = XCConfigurationList;
			buildConfigurations = (
				AF8D6A1F24ED214000740263 /* Debug */,
				AF8D6A2024ED214000740263 /* Release */,
			);
			defaultConfigurationIsVisible = 0;
			defaultConfigurationName = Release;
		};
		AF8D6A2124ED214000740263 /* Build configuration list for PBXNativeTarget "loodosUITests" */ = {
			isa = XCConfigurationList;
			buildConfigurations = (
				AF8D6A2224ED214000740263 /* Debug */,
				AF8D6A2324ED214000740263 /* Release */,
			);
			defaultConfigurationIsVisible = 0;
			defaultConfigurationName = Release;
		};
/* End XCConfigurationList section */
	};
	rootObject = AF8D69E924ED213700740263 /* Project object */;
}
